
Microsoft Visual Studio Solution File, Format Version 12.00
# Visual Studio 2017
Project("{FAE04EC0-301F-11D3-BF4B-00C04F79EFBC}") = "Hardhome", "Hardhome.csproj", "{0D98D05D-2B0C-CE72-2312-1036F11DC923}"
EndProject
Project("{FAE04EC0-301F-11D3-BF4B-00C04F79EFBC}") = "Hardhome.Editor", "Hardhome.Editor.csproj", "{EEA171AE-0570-AB6D-DDBF-319EFE2D22F0}"
EndProject
Global
	GlobalSection(SolutionConfigurationPlatforms) = preSolution
		Debug|Any CPU = Debug|Any CPU
		Release|Any CPU = Release|Any CPU
	EndGlobalSection
	GlobalSection(ProjectConfigurationPlatforms) = postSolution
		{0D98D05D-2B0C-CE72-2312-1036F11DC923}.Debug|Any CPU.ActiveCfg = Debug|Any CPU
		{0D98D05D-2B0C-CE72-2312-1036F11DC923}.Debug|Any CPU.Build.0 = Debug|Any CPU
		{0D98D05D-2B0C-CE72-2312-1036F11DC923}.Release|Any CPU.ActiveCfg = Release|Any CPU
		{0D98D05D-2B0C-CE72-2312-1036F11DC923}.Release|Any CPU.Build.0 = Release|Any CPU
		{EEA171AE-0570-AB6D-DDBF-319EFE2D22F0}.Debug|Any CPU.ActiveCfg = Debug|Any CPU
		{EEA171AE-0570-AB6D-DDBF-319EFE2D22F0}.Debug|Any CPU.Build.0 = Debug|Any CPU
		{EEA171AE-0570-AB6D-DDBF-319EFE2D22F0}.Release|Any CPU.ActiveCfg = Release|Any CPU
		{EEA171AE-0570-AB6D-DDBF-319EFE2D22F0}.Release|Any CPU.Build.0 = Release|Any CPU
	EndGlobalSection
	GlobalSection(SolutionProperties) = preSolution
		HideSolutionNode = FALSE
	EndGlobalSection
EndGlobal
